
Microsoft Visual Studio Solution File, Format Version 12.00
# Visual Studio 15
VisualStudioVersion = 15.0.28307.168
MinimumVisualStudioVersion = 10.0.40219.1
Project("{FAE04EC0-301F-11D3-BF4B-00C04F79EFBC}") = "WebApplication1", "WebApplication1\WebApplication1.csproj", "{5676D1D0-CC40-4230-B66F-0E822DDE2C8A}"
EndProject
Global
	GlobalSection(SolutionConfigurationPlatforms) = preSolution
		Debug|Any CPU = Debug|Any CPU
		Release|Any CPU = Release|Any CPU
	EndGlobalSection
	GlobalSection(ProjectConfigurationPlatforms) = postSolution
		{5676D1D0-CC40-4230-B66F-0E822DDE2C8A}.Debug|Any CPU.ActiveCfg = Debug|Any CPU
		{5676D1D0-CC40-4230-B66F-0E822DDE2C8A}.Debug|Any CPU.Build.0 = Debug|Any CPU
		{5676D1D0-CC40-4230-B66F-0E822DDE2C8A}.Release|Any CPU.ActiveCfg = Release|Any CPU
		{5676D1D0-CC40-4230-B66F-0E822DDE2C8A}.Release|Any CPU.Build.0 = Release|Any CPU
	EndGlobalSection
	GlobalSection(SolutionProperties) = preSolution
		HideSolutionNode = FALSE
	EndGlobalSection
	GlobalSection(ExtensibilityGlobals) = postSolution
		SolutionGuid = {711512DC-83CB-48F9-8BE6-AF9AF97308B8}
	EndGlobalSection
EndGlobal
